{
  "name": "static-site-builder",
  "version": "0.0.2",
  "lockfileVersion": 1,
  "requires": true,
  "dependencies": {
    "commander": {
      "version": "2.20.0",
      "resolved": "https://registry.npm.taobao.org/commander/download/commander-2.20.0.tgz?cache=0&sync_timestamp=1565398176321&other_urls=https%3A%2F%2Fregistry.npm.taobao.org%2Fcommander%2Fdownload%2Fcommander-2.20.0.tgz",
      "integrity": "sha1-1YuytcHuj4ew00ACfp6U4iLFpCI="
    },
    "directory-traverser": {
      "version": "0.0.4",
      "resolved": "https://registry.npm.taobao.org/directory-traverser/download/directory-traverser-0.0.4.tgz",
      "integrity": "sha1-bZzZkeDTpqg+RspThQ6HD5j0xxM="
    }
  }
}
